// !$*UTF8*$!
{
	archiveVersion = 1;
	classes = {
	};
	objectVersion = 46;
	objects = {

/* Begin PBXBuildFile section */
		3150F6BB19ED6643007B8692 /* AppDelegate.swift in Sources */ = {isa = PBXBuildFile; fileRef = 3150F6BA19ED6643007B8692 /* AppDelegate.swift */; };
		3150F6BD19ED6643007B8692 /* ViewController.swift in Sources */ = {isa = PBXBuildFile; fileRef = 3150F6BC19ED6643007B8692 /* ViewController.swift */; };
		3150F6C019ED6643007B8692 /* Main.storyboard in Resources */ = {isa = PBXBuildFile; fileRef = 3150F6BE19ED6643007B8692 /* Main.storyboard */; };
		3150F6C219ED6643007B8692 /* Images.xcassets in Resources */ = {isa = PBXBuildFile; fileRef = 3150F6C119ED6643007B8692 /* Images.xcassets */; };
		3150F6C519ED6643007B8692 /* LaunchScreen.xib in Resources */ = {isa = PBXBuildFile; fileRef = 3150F6C319ED6643007B8692 /* LaunchScreen.xib */; };
		BD463C341B82633500C7ADD6 /* FISTriviaSpec.swift in Sources */ = {isa = PBXBuildFile; fileRef = 31A82F9F19ED6DCF00340B83 /* FISTriviaSpec.swift */; };
		BD463C351B82634000C7ADD6 /* FISLocationSpec.swift in Sources */ = {isa = PBXBuildFile; fileRef = 31A82FA319ED9CCF00340B83 /* FISLocationSpec.swift */; };
/* End PBXBuildFile section */

/* Begin PBXContainerItemProxy section */
		BD463C371B82645900C7ADD6 /* PBXContainerItemProxy */ = {
			isa = PBXContainerItemProxy;
			containerPortal = 3150F6AD19ED6643007B8692 /* Project object */;
			proxyType = 1;
			remoteGlobalIDString = 3150F6B419ED6643007B8692;
			remoteInfo = "swift-LocationTrivia-Objects";
		};
/* End PBXContainerItemProxy section */

/* Begin PBXFileReference section */
		3150F6B519ED6643007B8692 /* swift-LocationTrivia-Objects.app */ = {isa = PBXFileReference; explicitFileType = wrapper.application; includeInIndex = 0; path = "swift-LocationTrivia-Objects.app"; sourceTree = BUILT_PRODUCTS_DIR; };
		3150F6B919ED6643007B8692 /* Info.plist */ = {isa = PBXFileReference; lastKnownFileType = text.plist.xml; path = Info.plist; sourceTree = "<group>"; };
		3150F6BA19ED6643007B8692 /* AppDelegate.swift */ = {isa = PBXFileReference; lastKnownFileType = sourcecode.swift; path = AppDelegate.swift; sourceTree = "<group>"; };
		3150F6BC19ED6643007B8692 /* ViewController.swift */ = {isa = PBXFileReference; lastKnownFileType = sourcecode.swift; path = ViewController.swift; sourceTree = "<group>"; };
		3150F6BF19ED6643007B8692 /* Base */ = {isa = PBXFileReference; lastKnownFileType = file.storyboard; name = Base; path = Base.lproj/Main.storyboard; sourceTree = "<group>"; };
		3150F6C119ED6643007B8692 /* Images.xcassets */ = {isa = PBXFileReference; lastKnownFileType = folder.assetcatalog; path = Images.xcassets; sourceTree = "<group>"; };
		3150F6C419ED6643007B8692 /* Base */ = {isa = PBXFileReference; lastKnownFileType = file.xib; name = Base; path = Base.lproj/LaunchScreen.xib; sourceTree = "<group>"; };
		3150F6CA19ED6643007B8692 /* swift-LocationTrivia-ObjectsTests.xctest */ = {isa = PBXFileReference; explicitFileType = wrapper.cfbundle; includeInIndex = 0; path = "swift-LocationTrivia-ObjectsTests.xctest"; sourceTree = BUILT_PRODUCTS_DIR; };
		3150F6CF19ED6643007B8692 /* Info.plist */ = {isa = PBXFileReference; lastKnownFileType = text.plist.xml; path = Info.plist; sourceTree = "<group>"; };
		31A82F9F19ED6DCF00340B83 /* FISTriviaSpec.swift */ = {isa = PBXFileReference; fileEncoding = 4; lastKnownFileType = sourcecode.swift; path = FISTriviaSpec.swift; sourceTree = "<group>"; };
		31A82FA319ED9CCF00340B83 /* FISLocationSpec.swift */ = {isa = PBXFileReference; fileEncoding = 4; lastKnownFileType = sourcecode.swift; path = FISLocationSpec.swift; sourceTree = "<group>"; };
		8FD5999172009B09F47381ED /* Pods-swift-LocationTrivia-Objects.debug.xcconfig */ = {isa = PBXFileReference; includeInIndex = 1; lastKnownFileType = text.xcconfig; name = "Pods-swift-LocationTrivia-Objects.debug.xcconfig"; path = "Pods/Target Support Files/Pods-swift-LocationTrivia-Objects/Pods-swift-LocationTrivia-Objects.debug.xcconfig"; sourceTree = "<group>"; };
		90CA80B73EB8DF6C0D2068B3 /* Pods-swift-LocationTrivia-ObjectsTests.release.xcconfig */ = {isa = PBXFileReference; includeInIndex = 1; lastKnownFileType = text.xcconfig; name = "Pods-swift-LocationTrivia-ObjectsTests.release.xcconfig"; path = "Pods/Target Support Files/Pods-swift-LocationTrivia-ObjectsTests/Pods-swift-LocationTrivia-ObjectsTests.release.xcconfig"; sourceTree = "<group>"; };
		C53F702D6B2AE4F9A32016BC /* Pods-swift-LocationTrivia-ObjectsTests.debug.xcconfig */ = {isa = PBXFileReference; includeInIndex = 1; lastKnownFileType = text.xcconfig; name = "Pods-swift-LocationTrivia-ObjectsTests.debug.xcconfig"; path = "Pods/Target Support Files/Pods-swift-LocationTrivia-ObjectsTests/Pods-swift-LocationTrivia-ObjectsTests.debug.xcconfig"; sourceTree = "<group>"; };
		E6A5C2D3112F04E728E00B0C /* Pods-swift-LocationTrivia-Objects.release.xcconfig */ = {isa = PBXFileReference; includeInIndex = 1; lastKnownFileType = text.xcconfig; name = "Pods-swift-LocationTrivia-Objects.release.xcconfig"; path = "Pods/Target Support Files/Pods-swift-LocationTrivia-Objects/Pods-swift-LocationTrivia-Objects.release.xcconfig"; sourceTree = "<group>"; };
/* End PBXFileReference section */

/* Begin PBXFrameworksBuildPhase section */
		3150F6B219ED6643007B8692 /* Frameworks */ = {
			isa = PBXFrameworksBuildPhase;
			buildActionMask = 2147483647;
			files = (
			);
			runOnlyForDeploymentPostprocessing = 0;
		};
		3150F6C719ED6643007B8692 /* Frameworks */ = {
			isa = PBXFrameworksBuildPhase;
			buildActionMask = 2147483647;
			files = (
			);
			runOnlyForDeploymentPostprocessing = 0;
		};
/* End PBXFrameworksBuildPhase section */

/* Begin PBXGroup section */
		25DD5C8408FC303CDA15EF19 /* Pods */ = {
			isa = PBXGroup;
			children = (
				8FD5999172009B09F47381ED /* Pods-swift-LocationTrivia-Objects.debug.xcconfig */,
				E6A5C2D3112F04E728E00B0C /* Pods-swift-LocationTrivia-Objects.release.xcconfig */,
				C53F702D6B2AE4F9A32016BC /* Pods-swift-LocationTrivia-ObjectsTests.debug.xcconfig */,
				90CA80B73EB8DF6C0D2068B3 /* Pods-swift-LocationTrivia-ObjectsTests.release.xcconfig */,
			);
			name = Pods;
			sourceTree = "<group>";
		};
		3150F6AC19ED6643007B8692 = {
			isa = PBXGroup;
			children = (
				3150F6B719ED6643007B8692 /* swift-LocationTrivia-Objects */,
				3150F6CD19ED6643007B8692 /* swift-LocationTrivia-ObjectsTests */,
				3150F6B619ED6643007B8692 /* Products */,
				77A7CC8B7456979CAD4EEE98 /* Frameworks */,
				25DD5C8408FC303CDA15EF19 /* Pods */,
			);
			sourceTree = "<group>";
		};
		3150F6B619ED6643007B8692 /* Products */ = {
			isa = PBXGroup;
			children = (
				3150F6B519ED6643007B8692 /* swift-LocationTrivia-Objects.app */,
				3150F6CA19ED6643007B8692 /* swift-LocationTrivia-ObjectsTests.xctest */,
			);
			name = Products;
			sourceTree = "<group>";
		};
		3150F6B719ED6643007B8692 /* swift-LocationTrivia-Objects */ = {
			isa = PBXGroup;
			children = (
				3150F6BA19ED6643007B8692 /* AppDelegate.swift */,
				3150F6BC19ED6643007B8692 /* ViewController.swift */,
				3150F6BE19ED6643007B8692 /* Main.storyboard */,
				3150F6C119ED6643007B8692 /* Images.xcassets */,
				3150F6C319ED6643007B8692 /* LaunchScreen.xib */,
				3150F6B819ED6643007B8692 /* Supporting Files */,
			);
			path = "swift-LocationTrivia-Objects";
			sourceTree = "<group>";
		};
		3150F6B819ED6643007B8692 /* Supporting Files */ = {
			isa = PBXGroup;
			children = (
				3150F6B919ED6643007B8692 /* Info.plist */,
			);
			name = "Supporting Files";
			sourceTree = "<group>";
		};
		3150F6CD19ED6643007B8692 /* swift-LocationTrivia-ObjectsTests */ = {
			isa = PBXGroup;
			children = (
				31A82F9F19ED6DCF00340B83 /* FISTriviaSpec.swift */,
				31A82FA319ED9CCF00340B83 /* FISLocationSpec.swift */,
				3150F6CE19ED6643007B8692 /* Supporting Files */,
			);
			path = "swift-LocationTrivia-ObjectsTests";
			sourceTree = "<group>";
		};
		3150F6CE19ED6643007B8692 /* Supporting Files */ = {
			isa = PBXGroup;
			children = (
				3150F6CF19ED6643007B8692 /* Info.plist */,
			);
			name = "Supporting Files";
			sourceTree = "<group>";
		};
		77A7CC8B7456979CAD4EEE98 /* Frameworks */ = {
			isa = PBXGroup;
			children = (
			);
			name = Frameworks;
			sourceTree = "<group>";
		};
/* End PBXGroup section */

/* Begin PBXNativeTarget section */
		3150F6B419ED6643007B8692 /* swift-LocationTrivia-Objects */ = {
			isa = PBXNativeTarget;
			buildConfigurationList = 3150F6D419ED6643007B8692 /* Build configuration list for PBXNativeTarget "swift-LocationTrivia-Objects" */;
			buildPhases = (
				8431A1C8D0DCCD8C1F7D524E /* 📦 Check Pods Manifest.lock */,
				3150F6B119ED6643007B8692 /* Sources */,
				3150F6B219ED6643007B8692 /* Frameworks */,
				3150F6B319ED6643007B8692 /* Resources */,
				AEAB58B3051D264BB623C04E /* 📦 Embed Pods Frameworks */,
				DCB28A8F08DA4042E77420FC /* 📦 Copy Pods Resources */,
			);
			buildRules = (
			);
			dependencies = (
			);
			name = "swift-LocationTrivia-Objects";
			productName = "swift-LocationTrivia-Objects";
			productReference = 3150F6B519ED6643007B8692 /* swift-LocationTrivia-Objects.app */;
			productType = "com.apple.product-type.application";
		};
		3150F6C919ED6643007B8692 /* swift-LocationTrivia-ObjectsTests */ = {
			isa = PBXNativeTarget;
			buildConfigurationList = 3150F6D719ED6643007B8692 /* Build configuration list for PBXNativeTarget "swift-LocationTrivia-ObjectsTests" */;
			buildPhases = (
				445256D8FD0A09828DC44CE7 /* 📦 Check Pods Manifest.lock */,
				3150F6C619ED6643007B8692 /* Sources */,
				3150F6C719ED6643007B8692 /* Frameworks */,
				3150F6C819ED6643007B8692 /* Resources */,
				F856C8662B1FBD6B9F860AC3 /* 📦 Embed Pods Frameworks */,
				ADB26F47048F7B5C916DE739 /* 📦 Copy Pods Resources */,
			);
			buildRules = (
			);
			dependencies = (
				BD463C381B82645900C7ADD6 /* PBXTargetDependency */,
			);
			name = "swift-LocationTrivia-ObjectsTests";
			productName = "swift-LocationTrivia-ObjectsTests";
			productReference = 3150F6CA19ED6643007B8692 /* swift-LocationTrivia-ObjectsTests.xctest */;
			productType = "com.apple.product-type.bundle.unit-test";
		};
/* End PBXNativeTarget section */

/* Begin PBXProject section */
		3150F6AD19ED6643007B8692 /* Project object */ = {
			isa = PBXProject;
			attributes = {
				LastSwiftUpdateCheck = 0700;
				LastUpgradeCheck = 0700;
				ORGANIZATIONNAME = "Zachary Drossman";
				TargetAttributes = {
					3150F6B419ED6643007B8692 = {
						CreatedOnToolsVersion = 6.0.1;
						LastSwiftMigration = 0800;
					};
					3150F6C919ED6643007B8692 = {
						CreatedOnToolsVersion = 6.0.1;
						LastSwiftMigration = 0800;
						TestTargetID = 3150F6B419ED6643007B8692;
					};
				};
			};
			buildConfigurationList = 3150F6B019ED6643007B8692 /* Build configuration list for PBXProject "swift-LocationTrivia-Objects" */;
			compatibilityVersion = "Xcode 3.2";
			developmentRegion = English;
			hasScannedForEncodings = 0;
			knownRegions = (
				en,
				Base,
			);
			mainGroup = 3150F6AC19ED6643007B8692;
			productRefGroup = 3150F6B619ED6643007B8692 /* Products */;
			projectDirPath = "";
			projectRoot = "";
			targets = (
				3150F6B419ED6643007B8692 /* swift-LocationTrivia-Objects */,
				3150F6C919ED6643007B8692 /* swift-LocationTrivia-ObjectsTests */,
			);
		};
/* End PBXProject section */

/* Begin PBXResourcesBuildPhase section */
		3150F6B319ED6643007B8692 /* Resources */ = {
			isa = PBXResourcesBuildPhase;
			buildActionMask = 2147483647;
			files = (
				3150F6C019ED6643007B8692 /* Main.storyboard in Resources */,
				3150F6C519ED6643007B8692 /* LaunchScreen.xib in Resources */,
				3150F6C219ED6643007B8692 /* Images.xcassets in Resources */,
			);
			runOnlyForDeploymentPostprocessing = 0;
		};
		3150F6C819ED6643007B8692 /* Resources */ = {
			isa = PBXResourcesBuildPhase;
			buildActionMask = 2147483647;
			files = (
			);
			runOnlyForDeploymentPostprocessing = 0;
		};
/* End PBXResourcesBuildPhase section */

/* Begin PBXShellScriptBuildPhase section */
		445256D8FD0A09828DC44CE7 /* 📦 Check Pods Manifest.lock */ = {
			isa = PBXShellScriptBuildPhase;
			buildActionMask = 2147483647;
			files = (
			);
			inputPaths = (
			);
			name = "📦 Check Pods Manifest.lock";
			outputPaths = (
			);
			runOnlyForDeploymentPostprocessing = 0;
			shellPath = /bin/sh;
			shellScript = "diff \"${PODS_ROOT}/../Podfile.lock\" \"${PODS_ROOT}/Manifest.lock\" > /dev/null\nif [[ $? != 0 ]] ; then\n    cat << EOM\nerror: The sandbox is not in sync with the Podfile.lock. Run 'pod install' or update your CocoaPods installation.\nEOM\n    exit 1\nfi\n";
			showEnvVarsInLog = 0;
		};
		8431A1C8D0DCCD8C1F7D524E /* 📦 Check Pods Manifest.lock */ = {
			isa = PBXShellScriptBuildPhase;
			buildActionMask = 2147483647;
			files = (
			);
			inputPaths = (
			);
			name = "📦 Check Pods Manifest.lock";
			outputPaths = (
			);
			runOnlyForDeploymentPostprocessing = 0;
			shellPath = /bin/sh;
			shellScript = "diff \"${PODS_ROOT}/../Podfile.lock\" \"${PODS_ROOT}/Manifest.lock\" > /dev/null\nif [[ $? != 0 ]] ; then\n    cat << EOM\nerror: The sandbox is not in sync with the Podfile.lock. Run 'pod install' or update your CocoaPods installation.\nEOM\n    exit 1\nfi\n";
			showEnvVarsInLog = 0;
		};
		ADB26F47048F7B5C916DE739 /* 📦 Copy Pods Resources */ = {
			isa = PBXShellScriptBuildPhase;
			buildActionMask = 2147483647;
			files = (
			);
			inputPaths = (
			);
			name = "📦 Copy Pods Resources";
			outputPaths = (
			);
			runOnlyForDeploymentPostprocessing = 0;
			shellPath = /bin/sh;
			shellScript = "\"${SRCROOT}/Pods/Target Support Files/Pods-swift-LocationTrivia-ObjectsTests/Pods-swift-LocationTrivia-ObjectsTests-resources.sh\"\n";
			showEnvVarsInLog = 0;
		};
		AEAB58B3051D264BB623C04E /* 📦 Embed Pods Frameworks */ = {
			isa = PBXShellScriptBuildPhase;
			buildActionMask = 2147483647;
			files = (
			);
			inputPaths = (
			);
			name = "📦 Embed Pods Frameworks";
			outputPaths = (
			);
			runOnlyForDeploymentPostprocessing = 0;
			shellPath = /bin/sh;
			shellScript = "\"${SRCROOT}/Pods/Target Support Files/Pods-swift-LocationTrivia-Objects/Pods-swift-LocationTrivia-Objects-frameworks.sh\"\n";
			showEnvVarsInLog = 0;
		};
		DCB28A8F08DA4042E77420FC /* 📦 Copy Pods Resources */ = {
			isa = PBXShellScriptBuildPhase;
			buildActionMask = 2147483647;
			files = (
			);
			inputPaths = (
			);
			name = "📦 Copy Pods Resources";
			outputPaths = (
			);
			runOnlyForDeploymentPostprocessing = 0;
			shellPath = /bin/sh;
			shellScript = "\"${SRCROOT}/Pods/Target Support Files/Pods-swift-LocationTrivia-Objects/Pods-swift-LocationTrivia-Objects-resources.sh\"\n";
			showEnvVarsInLog = 0;
		};
		F856C8662B1FBD6B9F860AC3 /* 📦 Embed Pods Frameworks */ = {
			isa = PBXShellScriptBuildPhase;
			buildActionMask = 2147483647;
			files = (
			);
			inputPaths = (
			);
			name = "📦 Embed Pods Frameworks";
			outputPaths = (
			);
			runOnlyForDeploymentPostprocessing = 0;
			shellPath = /bin/sh;
			shellScript = "\"${SRCROOT}/Pods/Target Support Files/Pods-swift-LocationTrivia-ObjectsTests/Pods-swift-LocationTrivia-ObjectsTests-frameworks.sh\"\n";
			showEnvVarsInLog = 0;
		};
/* End PBXShellScriptBuildPhase section */

/* Begin PBXSourcesBuildPhase section */
		3150F6B119ED6643007B8692 /* Sources */ = {
			isa = PBXSourcesBuildPhase;
			buildActionMask = 2147483647;
			files = (
				3150F6BD19ED6643007B8692 /* ViewController.swift in Sources */,
				3150F6BB19ED6643007B8692 /* AppDelegate.swift in Sources */,
			);
			runOnlyForDeploymentPostprocessing = 0;
		};
		3150F6C619ED6643007B8692 /* Sources */ = {
			isa = PBXSourcesBuildPhase;
			buildActionMask = 2147483647;
			files = (
				BD463C351B82634000C7ADD6 /* FISLocationSpec.swift in Sources */,
				BD463C341B82633500C7ADD6 /* FISTriviaSpec.swift in Sources */,
			);
			runOnlyForDeploymentPostprocessing = 0;
		};
/* End PBXSourcesBuildPhase section */

/* Begin PBXTargetDependency section */
		BD463C381B82645900C7ADD6 /* PBXTargetDependency */ = {
			isa = PBXTargetDependency;
			target = 3150F6B419ED6643007B8692 /* swift-LocationTrivia-Objects */;
			targetProxy = BD463C371B82645900C7ADD6 /* PBXContainerItemProxy */;
		};
/* End PBXTargetDependency section */

/* Begin PBXVariantGroup section */
		3150F6BE19ED6643007B8692 /* Main.storyboard */ = {
			isa = PBXVariantGroup;
			children = (
				3150F6BF19ED6643007B8692 /* Base */,
			);
			name = Main.storyboard;
			sourceTree = "<group>";
		};
		3150F6C319ED6643007B8692 /* LaunchScreen.xib */ = {
			isa = PBXVariantGroup;
			children = (
				3150F6C419ED6643007B8692 /* Base */,
			);
			name = LaunchScreen.xib;
			sourceTree = "<group>";
		};
/* End PBXVariantGroup section */

/* Begin XCBuildConfiguration section */
		3150F6D219ED6643007B8692 /* Debug */ = {
			isa = XCBuildConfiguration;
			buildSettings = {
				ALWAYS_SEARCH_USER_PATHS = NO;
				CLANG_CXX_LANGUAGE_STANDARD = "gnu++0x";
				CLANG_CXX_LIBRARY = "libc++";
				CLANG_ENABLE_MODULES = YES;
				CLANG_ENABLE_OBJC_ARC = YES;
				CLANG_WARN_BOOL_CONVERSION = YES;
				CLANG_WARN_CONSTANT_CONVERSION = YES;
				CLANG_WARN_DIRECT_OBJC_ISA_USAGE = YES_ERROR;
				CLANG_WARN_EMPTY_BODY = YES;
				CLANG_WARN_ENUM_CONVERSION = YES;
				CLANG_WARN_INT_CONVERSION = YES;
				CLANG_WARN_OBJC_ROOT_CLASS = YES_ERROR;
				CLANG_WARN_UNREACHABLE_CODE = YES;
				CLANG_WARN__DUPLICATE_METHOD_MATCH = YES;
				"CODE_SIGN_IDENTITY[sdk=iphoneos*]" = "iPhone Developer";
				COPY_PHASE_STRIP = NO;
				ENABLE_STRICT_OBJC_MSGSEND = YES;
				ENABLE_TESTABILITY = YES;
				GCC_C_LANGUAGE_STANDARD = gnu99;
				GCC_DYNAMIC_NO_PIC = NO;
				GCC_OPTIMIZATION_LEVEL = 0;
				GCC_PREPROCESSOR_DEFINITIONS = (
					"DEBUG=1",
					"$(inherited)",
				);
				GCC_SYMBOLS_PRIVATE_EXTERN = NO;
				GCC_WARN_64_TO_32_BIT_CONVERSION = YES;
				GCC_WARN_ABOUT_RETURN_TYPE = YES_ERROR;
				GCC_WARN_UNDECLARED_SELECTOR = YES;
				GCC_WARN_UNINITIALIZED_AUTOS = YES_AGGRESSIVE;
				GCC_WARN_UNUSED_FUNCTION = YES;
				GCC_WARN_UNUSED_VARIABLE = YES;
				IPHONEOS_DEPLOYMENT_TARGET = 8.0;
				MTL_ENABLE_DEBUG_INFO = YES;
				ONLY_ACTIVE_ARCH = YES;
				SDKROOT = iphoneos;
				SWIFT_OPTIMIZATION_LEVEL = "-Onone";
			};
			name = Debug;
		};
		3150F6D319ED6643007B8692 /* Release */ = {
			isa = XCBuildConfiguration;
			buildSettings = {
				ALWAYS_SEARCH_USER_PATHS = NO;
				CLANG_CXX_LANGUAGE_STANDARD = "gnu++0x";
				CLANG_CXX_LIBRARY = "libc++";
				CLANG_ENABLE_MODULES = YES;
				CLANG_ENABLE_OBJC_ARC = YES;
				CLANG_WARN_BOOL_CONVERSION = YES;
				CLANG_WARN_CONSTANT_CONVERSION = YES;
				CLANG_WARN_DIRECT_OBJC_ISA_USAGE = YES_ERROR;
				CLANG_WARN_EMPTY_BODY = YES;
				CLANG_WARN_ENUM_CONVERSION = YES;
				CLANG_WARN_INT_CONVERSION = YES;
				CLANG_WARN_OBJC_ROOT_CLASS = YES_ERROR;
				CLANG_WARN_UNREACHABLE_CODE = YES;
				CLANG_WARN__DUPLICATE_METHOD_MATCH = YES;
				"CODE_SIGN_IDENTITY[sdk=iphoneos*]" = "iPhone Developer";
				COPY_PHASE_STRIP = YES;
				ENABLE_NS_ASSERTIONS = NO;
				ENABLE_STRICT_OBJC_MSGSEND = YES;
				GCC_C_LANGUAGE_STANDARD = gnu99;
				GCC_WARN_64_TO_32_BIT_CONVERSION = YES;
				GCC_WARN_ABOUT_RETURN_TYPE = YES_ERROR;
				GCC_WARN_UNDECLARED_SELECTOR = YES;
				GCC_WARN_UNINITIALIZED_AUTOS = YES_AGGRESSIVE;
				GCC_WARN_UNUSED_FUNCTION = YES;
				GCC_WARN_UNUSED_VARIABLE = YES;
				IPHONEOS_DEPLOYMENT_TARGET = 8.0;
				MTL_ENABLE_DEBUG_INFO = NO;
				SDKROOT = iphoneos;
				VALIDATE_PRODUCT = YES;
			};
			name = Release;
		};
		3150F6D519ED6643007B8692 /* Debug */ = {
			isa = XCBuildConfiguration;
			baseConfigurationReference = 8FD5999172009B09F47381ED /* Pods-swift-LocationTrivia-Objects.debug.xcconfig */;
			buildSettings = {
				ASSETCATALOG_COMPILER_APPICON_NAME = AppIcon;
				INFOPLIST_FILE = "swift-LocationTrivia-Objects/Info.plist";
				IPHONEOS_DEPLOYMENT_TARGET = 9.0;
				LD_RUNPATH_SEARCH_PATHS = "$(inherited) @executable_path/Frameworks";
				PRODUCT_BUNDLE_IDENTIFIER = "com.flatironschool.$(PRODUCT_NAME:rfc1034identifier)";
				PRODUCT_NAME = "$(TARGET_NAME)";
				SWIFT_VERSION = 3.0;
			};
			name = Debug;
		};
		3150F6D619ED6643007B8692 /* Release */ = {
			isa = XCBuildConfiguration;
			baseConfigurationReference = E6A5C2D3112F04E728E00B0C /* Pods-swift-LocationTrivia-Objects.release.xcconfig */;
			buildSettings = {
				ASSETCATALOG_COMPILER_APPICON_NAME = AppIcon;
				INFOPLIST_FILE = "swift-LocationTrivia-Objects/Info.plist";
				IPHONEOS_DEPLOYMENT_TARGET = 9.0;
				LD_RUNPATH_SEARCH_PATHS = "$(inherited) @executable_path/Frameworks";
				PRODUCT_BUNDLE_IDENTIFIER = "com.flatironschool.$(PRODUCT_NAME:rfc1034identifier)";
				PRODUCT_NAME = "$(TARGET_NAME)";
				SWIFT_VERSION = 3.0;
			};
			name = Release;
		};
		3150F6D819ED6643007B8692 /* Debug */ = {
			isa = XCBuildConfiguration;
			baseConfigurationReference = C53F702D6B2AE4F9A32016BC /* Pods-swift-LocationTrivia-ObjectsTests.debug.xcconfig */;
			buildSettings = {
				BUNDLE_LOADER = "$(TEST_HOST)";
				CLANG_ENABLE_MODULES = YES;
				GCC_PREPROCESSOR_DEFINITIONS = (
					"DEBUG=1",
					"$(inherited)",
				);
				INFOPLIST_FILE = "swift-LocationTrivia-ObjectsTests/Info.plist";
				IPHONEOS_DEPLOYMENT_TARGET = 9.0;
				LD_RUNPATH_SEARCH_PATHS = "$(inherited) @executable_path/Frameworks @loader_path/Frameworks";
				PRODUCT_BUNDLE_IDENTIFIER = "com.flatironschool.$(PRODUCT_NAME:rfc1034identifier)";
				PRODUCT_NAME = "$(TARGET_NAME)";
				SWIFT_OPTIMIZATION_LEVEL = "-Onone";
				SWIFT_VERSION = 3.0;
				TEST_HOST = "$(BUILT_PRODUCTS_DIR)/swift-LocationTrivia-Objects.app/swift-LocationTrivia-Objects";
			};
			name = Debug;
		};
		3150F6D919ED6643007B8692 /* Release */ = {
			isa = XCBuildConfiguration;
			baseConfigurationReference = 90CA80B73EB8DF6C0D2068B3 /* Pods-swift-LocationTrivia-ObjectsTests.release.xcconfig */;
			buildSettings = {
				BUNDLE_LOADER = "$(TEST_HOST)";
				CLANG_ENABLE_MODULES = YES;
				INFOPLIST_FILE = "swift-LocationTrivia-ObjectsTests/Info.plist";
				IPHONEOS_DEPLOYMENT_TARGET = 9.0;
				LD_RUNPATH_SEARCH_PATHS = "$(inherited) @executable_path/Frameworks @loader_path/Frameworks";
				PRODUCT_BUNDLE_IDENTIFIER = "com.flatironschool.$(PRODUCT_NAME:rfc1034identifier)";
				PRODUCT_NAME = "$(TARGET_NAME)";
				SWIFT_VERSION = 3.0;
				TEST_HOST = "$(BUILT_PRODUCTS_DIR)/swift-LocationTrivia-Objects.app/swift-LocationTrivia-Objects";
			};
			name = Release;
		};
/* End XCBuildConfiguration section */

/* Begin XCConfigurationList section */
		3150F6B019ED6643007B8692 /* Build configuration list for PBXProject "swift-LocationTrivia-Objects" */ = {
			isa = XCConfigurationList;
			buildConfigurations = (
				3150F6D219ED6643007B8692 /* Debug */,
				3150F6D319ED6643007B8692 /* Release */,
			);
			defaultConfigurationIsVisible = 0;
			defaultConfigurationName = Release;
		};
		3150F6D419ED6643007B8692 /* Build configuration list for PBXNativeTarget "swift-LocationTrivia-Objects" */ = {
			isa = XCConfigurationList;
			buildConfigurations = (
				3150F6D519ED6643007B8692 /* Debug */,
				3150F6D619ED6643007B8692 /* Release */,
			);
			defaultConfigurationIsVisible = 0;
			defaultConfigurationName = Release;
		};
		3150F6D719ED6643007B8692 /* Build configuration list for PBXNativeTarget "swift-LocationTrivia-ObjectsTests" */ = {
			isa = XCConfigurationList;
			buildConfigurations = (
				3150F6D819ED6643007B8692 /* Debug */,
				3150F6D919ED6643007B8692 /* Release */,
			);
			defaultConfigurationIsVisible = 0;
			defaultConfigurationName = Release;
		};
/* End XCConfigurationList section */
	};
	rootObject = 3150F6AD19ED6643007B8692 /* Project object */;
}
